
Microsoft Visual Studio Solution File, Format Version 12.00
# Visual Studio Version 16
VisualStudioVersion = 16.0.31129.286
MinimumVisualStudioVersion = 10.0.40219.1
Project("{8BC9CEB8-8B4A-11D0-8D11-00A0C91BC942}") = "FOR_SINTAX", "FOR_SINTAX\FOR_SINTAX.vcxproj", "{63287D5A-4D20-4B58-B5EF-5C797D05B867}"
EndProject
Global
	GlobalSection(SolutionConfigurationPlatforms) = preSolution
		Debug|x64 = Debug|x64
		Debug|x86 = Debug|x86
		Release|x64 = Release|x64
		Release|x86 = Release|x86
	EndGlobalSection
	GlobalSection(ProjectConfigurationPlatforms) = postSolution
		{63287D5A-4D20-4B58-B5EF-5C797D05B867}.Debug|x64.ActiveCfg = Debug|x64
		{63287D5A-4D20-4B58-B5EF-5C797D05B867}.Debug|x64.Build.0 = Debug|x64
		{63287D5A-4D20-4B58-B5EF-5C797D05B867}.Debug|x86.ActiveCfg = Debug|Win32
		{63287D5A-4D20-4B58-B5EF-5C797D05B867}.Debug|x86.Build.0 = Debug|Win32
		{63287D5A-4D20-4B58-B5EF-5C797D05B867}.Release|x64.ActiveCfg = Release|x64
		{63287D5A-4D20-4B58-B5EF-5C797D05B867}.Release|x64.Build.0 = Release|x64
		{63287D5A-4D20-4B58-B5EF-5C797D05B867}.Release|x86.ActiveCfg = Release|Win32
		{63287D5A-4D20-4B58-B5EF-5C797D05B867}.Release|x86.Build.0 = Release|Win32
	EndGlobalSection
	GlobalSection(SolutionProperties) = preSolution
		HideSolutionNode = FALSE
	EndGlobalSection
	GlobalSection(ExtensibilityGlobals) = postSolution
		SolutionGuid = {3CA03240-546E-429D-8EC0-AB53837AAE29}
	EndGlobalSection
EndGlobal
